
Microsoft Visual Studio Solution File, Format Version 12.00
# Visual Studio 15
VisualStudioVersion = 15.0.27130.2036
MinimumVisualStudioVersion = 10.0.40219.1
Project("{F184B08F-C81C-45F6-A57F-5ABD9991F28F}") = "MyMusicNinja", "MyMusicNinja\MyMusicNinja.vbproj", "{B66DB860-95C5-4F5F-A797-9BE60F85DD00}"
EndProject
Global
	GlobalSection(SolutionConfigurationPlatforms) = preSolution
		Debug|Any CPU = Debug|Any CPU
		Release|Any CPU = Release|Any CPU
	EndGlobalSection
	GlobalSection(ProjectConfigurationPlatforms) = postSolution
		{B66DB860-95C5-4F5F-A797-9BE60F85DD00}.Debug|Any CPU.ActiveCfg = Debug|Any CPU
		{B66DB860-95C5-4F5F-A797-9BE60F85DD00}.Debug|Any CPU.Build.0 = Debug|Any CPU
		{B66DB860-95C5-4F5F-A797-9BE60F85DD00}.Release|Any CPU.ActiveCfg = Release|Any CPU
		{B66DB860-95C5-4F5F-A797-9BE60F85DD00}.Release|Any CPU.Build.0 = Release|Any CPU
	EndGlobalSection
	GlobalSection(SolutionProperties) = preSolution
		HideSolutionNode = FALSE
	EndGlobalSection
	GlobalSection(ExtensibilityGlobals) = postSolution
		SolutionGuid = {3623F744-9575-4F74-B9C1-731CC377C520}
	EndGlobalSection
EndGlobal
